# This file was autogenerated by Stack.
# You should not edit this file by hand.
# For more information, please see the documentation at:
#   https://docs.haskellstack.org/en/stable/lock_files

packages:
- completed:
    commit: abff72605479401fc43fa62f053153a11d7a1c61
    git: https://github.com/spell-music/data-fix-cse
    name: data-fix-cse
    pantry-tree:
      sha256: 46c1e5388b24f55c5756b47055e58885fa2d8268c498ad9a33bff450b82e4ea1
      size: 549
    version: 0.0.3
  original:
    commit: abff72605479401fc43fa62f053153a11d7a1c61
    git: https://github.com/spell-music/data-fix-cse
snapshots:
- completed:
    sha256: 2fdd7d3e54540062ef75ca0a73ca3a804c527dbf8a4cadafabf340e66ac4af40
    size: 712469
    url: https://raw.githubusercontent.com/commercialhaskell/stackage-snapshots/master/lts/22/11.yaml
  original: lts-22.11
