# This file was autogenerated by Stack.
# You should not edit this file by hand.
# For more information, please see the documentation at:
#   https://docs.haskellstack.org/en/stable/lock_files

packages:
- completed:
    commit: abff72605479401fc43fa62f053153a11d7a1c61
    git: https://github.com/spell-music/data-fix-cse
    name: data-fix-cse
    pantry-tree:
      sha256: 46c1e5388b24f55c5756b47055e58885fa2d8268c498ad9a33bff450b82e4ea1
      size: 549
    version: 0.0.3
  original:
    commit: abff72605479401fc43fa62f053153a11d7a1c61
    git: https://github.com/spell-music/data-fix-cse
- completed:
    hackage: temporal-media-0.6.3@sha256:7a27d711a786c3dc9163433627e51efcc4b3fce3a947b71c29f3e388f37cae59,857
    pantry-tree:
      sha256: 97120e833d668b1b319d80c45c79c410df18907d069e00f8ca070cf1f1e68996
      size: 282
  original:
    hackage: temporal-media-0.6.3@sha256:7a27d711a786c3dc9163433627e51efcc4b3fce3a947b71c29f3e388f37cae59,857
snapshots:
- completed:
    sha256: e47314df6b200e3c95f14b926d81fd193ae010e51bd162a36ce18ef68f421e4a
    size: 649139
    url: https://raw.githubusercontent.com/commercialhaskell/stackage-snapshots/master/nightly/2024/6/13.yaml
  original: nightly-2024-06-13
