# This file was autogenerated by Stack.
# You should not edit this file by hand.
# For more information, please see the documentation at:
#   https://docs.haskellstack.org/en/stable/lock_files

packages:
- completed:
    commit: 279fed9c64ca73efe36f78b24acd0dd8e37dd4bf
    git: https://github.com/spell-music/csound-expression
    name: csound-expression-dynamic
    pantry-tree:
      sha256: ec719ec6c94b87bd22f75bf0fa1de1872685b03f89951bbfe3fe1c231bef9408
      size: 1531
    subdir: packages/core/csound-expression-dynamic
    version: 0.3.9.1
  original:
    commit: 279fed9c64ca73efe36f78b24acd0dd8e37dd4bf
    git: https://github.com/spell-music/csound-expression
    subdir: packages/core/csound-expression-dynamic
- completed:
    commit: 279fed9c64ca73efe36f78b24acd0dd8e37dd4bf
    git: https://github.com/spell-music/csound-expression
    name: csound-core
    pantry-tree:
      sha256: d4012cc613f5db16d20076271233193d60efca10ba197e3941fcabcc99140e1d
      size: 2303
    subdir: packages/core/csound-core
    version: 0.2.7
  original:
    commit: 279fed9c64ca73efe36f78b24acd0dd8e37dd4bf
    git: https://github.com/spell-music/csound-expression
    subdir: packages/core/csound-core
- completed:
    commit: abff72605479401fc43fa62f053153a11d7a1c61
    git: https://github.com/spell-music/data-fix-cse
    name: data-fix-cse
    pantry-tree:
      sha256: 46c1e5388b24f55c5756b47055e58885fa2d8268c498ad9a33bff450b82e4ea1
      size: 549
    version: 0.0.3
  original:
    commit: abff72605479401fc43fa62f053153a11d7a1c61
    git: https://github.com/spell-music/data-fix-cse
snapshots:
- completed:
    sha256: 2fdd7d3e54540062ef75ca0a73ca3a804c527dbf8a4cadafabf340e66ac4af40
    size: 712469
    url: https://raw.githubusercontent.com/commercialhaskell/stackage-snapshots/master/lts/22/11.yaml
  original:
    url: https://raw.githubusercontent.com/commercialhaskell/stackage-snapshots/master/lts/22/11.yaml
